// !$*UTF8*$!
{
	archiveVersion = 1;
	classes = {
	};
	objectVersion = 50;
	objects = {

/* Begin PBXBuildFile section */
		8B81671425FE21DA001AEF2A /* NewsTableViewCell.swift in Sources */ = {isa = PBXBuildFile; fileRef = 8B81671325FE21DA001AEF2A /* NewsTableViewCell.swift */; };
		8BE5CF9925FBC34F000F8D53 /* Services.swift in Sources */ = {isa = PBXBuildFile; fileRef = 8BE5CF9825FBC34F000F8D53 /* Services.swift */; };
		8BE5D00D25FBCA0E000F8D53 /* Article.swift in Sources */ = {isa = PBXBuildFile; fileRef = 8BE5D00C25FBCA0E000F8D53 /* Article.swift */; };
		8BE5D01625FBDCE1000F8D53 /* ArticleViewModel.swift in Sources */ = {isa = PBXBuildFile; fileRef = 8BE5D01525FBDCE1000F8D53 /* ArticleViewModel.swift */; };
		8BFE4FCE25FB6B45009F1D26 /* AppDelegate.swift in Sources */ = {isa = PBXBuildFile; fileRef = 8BFE4FCD25FB6B45009F1D26 /* AppDelegate.swift */; };
		8BFE4FD225FB6B45009F1D26 /* DailyNewsTableViewController.swift in Sources */ = {isa = PBXBuildFile; fileRef = 8BFE4FD125FB6B45009F1D26 /* DailyNewsTableViewController.swift */; };
		8BFE4FD525FB6B45009F1D26 /* Main.storyboard in Resources */ = {isa = PBXBuildFile; fileRef = 8BFE4FD325FB6B45009F1D26 /* Main.storyboard */; };
		8BFE4FD725FB6B46009F1D26 /* Assets.xcassets in Resources */ = {isa = PBXBuildFile; fileRef = 8BFE4FD625FB6B46009F1D26 /* Assets.xcassets */; };
		8BFE4FDA25FB6B46009F1D26 /* LaunchScreen.storyboard in Resources */ = {isa = PBXBuildFile; fileRef = 8BFE4FD825FB6B46009F1D26 /* LaunchScreen.storyboard */; };
		8BFE4FE525FB6B46009F1D26 /* MVVMProjectTests.swift in Sources */ = {isa = PBXBuildFile; fileRef = 8BFE4FE425FB6B46009F1D26 /* MVVMProjectTests.swift */; };
		8BFE4FF025FB6B46009F1D26 /* MVVMProjectUITests.swift in Sources */ = {isa = PBXBuildFile; fileRef = 8BFE4FEF25FB6B46009F1D26 /* MVVMProjectUITests.swift */; };
/* End PBXBuildFile section */

/* Begin PBXContainerItemProxy section */
		8BFE4FE125FB6B46009F1D26 /* PBXContainerItemProxy */ = {
			isa = PBXContainerItemProxy;
			containerPortal = 8BFE4FC225FB6B45009F1D26 /* Project object */;
			proxyType = 1;
			remoteGlobalIDString = 8BFE4FC925FB6B45009F1D26;
			remoteInfo = MVVMProject;
		};
		8BFE4FEC25FB6B46009F1D26 /* PBXContainerItemProxy */ = {
			isa = PBXContainerItemProxy;
			containerPortal = 8BFE4FC225FB6B45009F1D26 /* Project object */;
			proxyType = 1;
			remoteGlobalIDString = 8BFE4FC925FB6B45009F1D26;
			remoteInfo = MVVMProject;
		};
/* End PBXContainerItemProxy section */

/* Begin PBXFileReference section */
		8B81671325FE21DA001AEF2A /* NewsTableViewCell.swift */ = {isa = PBXFileReference; lastKnownFileType = sourcecode.swift; path = NewsTableViewCell.swift; sourceTree = "<group>"; };
		8BE5CF9825FBC34F000F8D53 /* Services.swift */ = {isa = PBXFileReference; lastKnownFileType = sourcecode.swift; path = Services.swift; sourceTree = "<group>"; };
		8BE5D00C25FBCA0E000F8D53 /* Article.swift */ = {isa = PBXFileReference; lastKnownFileType = sourcecode.swift; path = Article.swift; sourceTree = "<group>"; };
		8BE5D01525FBDCE1000F8D53 /* ArticleViewModel.swift */ = {isa = PBXFileReference; lastKnownFileType = sourcecode.swift; path = ArticleViewModel.swift; sourceTree = "<group>"; };
		8BFE4FCA25FB6B45009F1D26 /* MVVMProject.app */ = {isa = PBXFileReference; explicitFileType = wrapper.application; includeInIndex = 0; path = MVVMProject.app; sourceTree = BUILT_PRODUCTS_DIR; };
		8BFE4FCD25FB6B45009F1D26 /* AppDelegate.swift */ = {isa = PBXFileReference; lastKnownFileType = sourcecode.swift; path = AppDelegate.swift; sourceTree = "<group>"; };
		8BFE4FD125FB6B45009F1D26 /* DailyNewsTableViewController.swift */ = {isa = PBXFileReference; lastKnownFileType = sourcecode.swift; path = DailyNewsTableViewController.swift; sourceTree = "<group>"; };
		8BFE4FD425FB6B45009F1D26 /* Base */ = {isa = PBXFileReference; lastKnownFileType = file.storyboard; name = Base; path = Base.lproj/Main.storyboard; sourceTree = "<group>"; };
		8BFE4FD625FB6B46009F1D26 /* Assets.xcassets */ = {isa = PBXFileReference; lastKnownFileType = folder.assetcatalog; path = Assets.xcassets; sourceTree = "<group>"; };
		8BFE4FD925FB6B46009F1D26 /* Base */ = {isa = PBXFileReference; lastKnownFileType = file.storyboard; name = Base; path = Base.lproj/LaunchScreen.storyboard; sourceTree = "<group>"; };
		8BFE4FDB25FB6B46009F1D26 /* Info.plist */ = {isa = PBXFileReference; lastKnownFileType = text.plist.xml; path = Info.plist; sourceTree = "<group>"; };
		8BFE4FE025FB6B46009F1D26 /* MVVMProjectTests.xctest */ = {isa = PBXFileReference; explicitFileType = wrapper.cfbundle; includeInIndex = 0; path = MVVMProjectTests.xctest; sourceTree = BUILT_PRODUCTS_DIR; };
		8BFE4FE425FB6B46009F1D26 /* MVVMProjectTests.swift */ = {isa = PBXFileReference; lastKnownFileType = sourcecode.swift; path = MVVMProjectTests.swift; sourceTree = "<group>"; };
		8BFE4FE625FB6B46009F1D26 /* Info.plist */ = {isa = PBXFileReference; lastKnownFileType = text.plist.xml; path = Info.plist; sourceTree = "<group>"; };
		8BFE4FEB25FB6B46009F1D26 /* MVVMProjectUITests.xctest */ = {isa = PBXFileReference; explicitFileType = wrapper.cfbundle; includeInIndex = 0; path = MVVMProjectUITests.xctest; sourceTree = BUILT_PRODUCTS_DIR; };
		8BFE4FEF25FB6B46009F1D26 /* MVVMProjectUITests.swift */ = {isa = PBXFileReference; lastKnownFileType = sourcecode.swift; path = MVVMProjectUITests.swift; sourceTree = "<group>"; };
		8BFE4FF125FB6B46009F1D26 /* Info.plist */ = {isa = PBXFileReference; lastKnownFileType = text.plist.xml; path = Info.plist; sourceTree = "<group>"; };
/* End PBXFileReference section */

/* Begin PBXFrameworksBuildPhase section */
		8BFE4FC725FB6B45009F1D26 /* Frameworks */ = {
			isa = PBXFrameworksBuildPhase;
			buildActionMask = 2147483647;
			files = (
			);
			runOnlyForDeploymentPostprocessing = 0;
		};
		8BFE4FDD25FB6B46009F1D26 /* Frameworks */ = {
			isa = PBXFrameworksBuildPhase;
			buildActionMask = 2147483647;
			files = (
			);
			runOnlyForDeploymentPostprocessing = 0;
		};
		8BFE4FE825FB6B46009F1D26 /* Frameworks */ = {
			isa = PBXFrameworksBuildPhase;
			buildActionMask = 2147483647;
			files = (
			);
			runOnlyForDeploymentPostprocessing = 0;
		};
/* End PBXFrameworksBuildPhase section */

/* Begin PBXGroup section */
		8B81671225FE21B0001AEF2A /* NewsCell */ = {
			isa = PBXGroup;
			children = (
				8B81671325FE21DA001AEF2A /* NewsTableViewCell.swift */,
			);
			path = NewsCell;
			sourceTree = "<group>";
		};
		8BE5CF9725FBC342000F8D53 /* Services */ = {
			isa = PBXGroup;
			children = (
				8BE5CF9825FBC34F000F8D53 /* Services.swift */,
			);
			path = Services;
			sourceTree = "<group>";
		};
		8BE5D00B25FBC9FC000F8D53 /* Model */ = {
			isa = PBXGroup;
			children = (
				8BE5D00C25FBCA0E000F8D53 /* Article.swift */,
			);
			path = Model;
			sourceTree = "<group>";
		};
		8BE5D01425FBDCD2000F8D53 /* ViewModel */ = {
			isa = PBXGroup;
			children = (
				8BE5D01525FBDCE1000F8D53 /* ArticleViewModel.swift */,
			);
			path = ViewModel;
			sourceTree = "<group>";
		};
		8BFE4FC125FB6B45009F1D26 = {
			isa = PBXGroup;
			children = (
				8BFE4FCC25FB6B45009F1D26 /* MVVMProject */,
				8BFE4FE325FB6B46009F1D26 /* MVVMProjectTests */,
				8BFE4FEE25FB6B46009F1D26 /* MVVMProjectUITests */,
				8BFE4FCB25FB6B45009F1D26 /* Products */,
			);
			sourceTree = "<group>";
		};
		8BFE4FCB25FB6B45009F1D26 /* Products */ = {
			isa = PBXGroup;
			children = (
				8BFE4FCA25FB6B45009F1D26 /* MVVMProject.app */,
				8BFE4FE025FB6B46009F1D26 /* MVVMProjectTests.xctest */,
				8BFE4FEB25FB6B46009F1D26 /* MVVMProjectUITests.xctest */,
			);
			name = Products;
			sourceTree = "<group>";
		};
		8BFE4FCC25FB6B45009F1D26 /* MVVMProject */ = {
			isa = PBXGroup;
			children = (
				8B81671225FE21B0001AEF2A /* NewsCell */,
				8BFE4FCD25FB6B45009F1D26 /* AppDelegate.swift */,
				8BE5D01425FBDCD2000F8D53 /* ViewModel */,
				8BE5D00B25FBC9FC000F8D53 /* Model */,
				8BE5CF9725FBC342000F8D53 /* Services */,
				8BFE4FD125FB6B45009F1D26 /* DailyNewsTableViewController.swift */,
				8BFE4FD325FB6B45009F1D26 /* Main.storyboard */,
				8BFE4FD625FB6B46009F1D26 /* Assets.xcassets */,
				8BFE4FD825FB6B46009F1D26 /* LaunchScreen.storyboard */,
				8BFE4FDB25FB6B46009F1D26 /* Info.plist */,
			);
			path = MVVMProject;
			sourceTree = "<group>";
		};
		8BFE4FE325FB6B46009F1D26 /* MVVMProjectTests */ = {
			isa = PBXGroup;
			children = (
				8BFE4FE425FB6B46009F1D26 /* MVVMProjectTests.swift */,
				8BFE4FE625FB6B46009F1D26 /* Info.plist */,
			);
			path = MVVMProjectTests;
			sourceTree = "<group>";
		};
		8BFE4FEE25FB6B46009F1D26 /* MVVMProjectUITests */ = {
			isa = PBXGroup;
			children = (
				8BFE4FEF25FB6B46009F1D26 /* MVVMProjectUITests.swift */,
				8BFE4FF125FB6B46009F1D26 /* Info.plist */,
			);
			path = MVVMProjectUITests;
			sourceTree = "<group>";
		};
/* End PBXGroup section */

/* Begin PBXNativeTarget section */
		8BFE4FC925FB6B45009F1D26 /* MVVMProject */ = {
			isa = PBXNativeTarget;
			buildConfigurationList = 8BFE4FF425FB6B46009F1D26 /* Build configuration list for PBXNativeTarget "MVVMProject" */;
			buildPhases = (
				8BFE4FC625FB6B45009F1D26 /* Sources */,
				8BFE4FC725FB6B45009F1D26 /* Frameworks */,
				8BFE4FC825FB6B45009F1D26 /* Resources */,
			);
			buildRules = (
			);
			dependencies = (
			);
			name = MVVMProject;
			productName = MVVMProject;
			productReference = 8BFE4FCA25FB6B45009F1D26 /* MVVMProject.app */;
			productType = "com.apple.product-type.application";
		};
		8BFE4FDF25FB6B46009F1D26 /* MVVMProjectTests */ = {
			isa = PBXNativeTarget;
			buildConfigurationList = 8BFE4FF725FB6B46009F1D26 /* Build configuration list for PBXNativeTarget "MVVMProjectTests" */;
			buildPhases = (
				8BFE4FDC25FB6B46009F1D26 /* Sources */,
				8BFE4FDD25FB6B46009F1D26 /* Frameworks */,
				8BFE4FDE25FB6B46009F1D26 /* Resources */,
			);
			buildRules = (
			);
			dependencies = (
				8BFE4FE225FB6B46009F1D26 /* PBXTargetDependency */,
			);
			name = MVVMProjectTests;
			productName = MVVMProjectTests;
			productReference = 8BFE4FE025FB6B46009F1D26 /* MVVMProjectTests.xctest */;
			productType = "com.apple.product-type.bundle.unit-test";
		};
		8BFE4FEA25FB6B46009F1D26 /* MVVMProjectUITests */ = {
			isa = PBXNativeTarget;
			buildConfigurationList = 8BFE4FFA25FB6B46009F1D26 /* Build configuration list for PBXNativeTarget "MVVMProjectUITests" */;
			buildPhases = (
				8BFE4FE725FB6B46009F1D26 /* Sources */,
				8BFE4FE825FB6B46009F1D26 /* Frameworks */,
				8BFE4FE925FB6B46009F1D26 /* Resources */,
			);
			buildRules = (
			);
			dependencies = (
				8BFE4FED25FB6B46009F1D26 /* PBXTargetDependency */,
			);
			name = MVVMProjectUITests;
			productName = MVVMProjectUITests;
			productReference = 8BFE4FEB25FB6B46009F1D26 /* MVVMProjectUITests.xctest */;
			productType = "com.apple.product-type.bundle.ui-testing";
		};
/* End PBXNativeTarget section */

/* Begin PBXProject section */
		8BFE4FC225FB6B45009F1D26 /* Project object */ = {
			isa = PBXProject;
			attributes = {
				LastSwiftUpdateCheck = 1240;
				LastUpgradeCheck = 1240;
				TargetAttributes = {
					8BFE4FC925FB6B45009F1D26 = {
						CreatedOnToolsVersion = 12.4;
					};
					8BFE4FDF25FB6B46009F1D26 = {
						CreatedOnToolsVersion = 12.4;
						TestTargetID = 8BFE4FC925FB6B45009F1D26;
					};
					8BFE4FEA25FB6B46009F1D26 = {
						CreatedOnToolsVersion = 12.4;
						TestTargetID = 8BFE4FC925FB6B45009F1D26;
					};
				};
			};
			buildConfigurationList = 8BFE4FC525FB6B45009F1D26 /* Build configuration list for PBXProject "MVVMProject" */;
			compatibilityVersion = "Xcode 9.3";
			developmentRegion = en;
			hasScannedForEncodings = 0;
			knownRegions = (
				en,
				Base,
			);
			mainGroup = 8BFE4FC125FB6B45009F1D26;
			productRefGroup = 8BFE4FCB25FB6B45009F1D26 /* Products */;
			projectDirPath = "";
			projectRoot = "";
			targets = (
				8BFE4FC925FB6B45009F1D26 /* MVVMProject */,
				8BFE4FDF25FB6B46009F1D26 /* MVVMProjectTests */,
				8BFE4FEA25FB6B46009F1D26 /* MVVMProjectUITests */,
			);
		};
/* End PBXProject section */

/* Begin PBXResourcesBuildPhase section */
		8BFE4FC825FB6B45009F1D26 /* Resources */ = {
			isa = PBXResourcesBuildPhase;
			buildActionMask = 2147483647;
			files = (
				8BFE4FDA25FB6B46009F1D26 /* LaunchScreen.storyboard in Resources */,
				8BFE4FD725FB6B46009F1D26 /* Assets.xcassets in Resources */,
				8BFE4FD525FB6B45009F1D26 /* Main.storyboard in Resources */,
			);
			runOnlyForDeploymentPostprocessing = 0;
		};
		8BFE4FDE25FB6B46009F1D26 /* Resources */ = {
			isa = PBXResourcesBuildPhase;
			buildActionMask = 2147483647;
			files = (
			);
			runOnlyForDeploymentPostprocessing = 0;
		};
		8BFE4FE925FB6B46009F1D26 /* Resources */ = {
			isa = PBXResourcesBuildPhase;
			buildActionMask = 2147483647;
			files = (
			);
			runOnlyForDeploymentPostprocessing = 0;
		};
/* End PBXResourcesBuildPhase section */

/* Begin PBXSourcesBuildPhase section */
		8BFE4FC625FB6B45009F1D26 /* Sources */ = {
			isa = PBXSourcesBuildPhase;
			buildActionMask = 2147483647;
			files = (
				8BE5D00D25FBCA0E000F8D53 /* Article.swift in Sources */,
				8BFE4FD225FB6B45009F1D26 /* DailyNewsTableViewController.swift in Sources */,
				8B81671425FE21DA001AEF2A /* NewsTableViewCell.swift in Sources */,
				8BE5CF9925FBC34F000F8D53 /* Services.swift in Sources */,
				8BE5D01625FBDCE1000F8D53 /* ArticleViewModel.swift in Sources */,
				8BFE4FCE25FB6B45009F1D26 /* AppDelegate.swift in Sources */,
			);
			runOnlyForDeploymentPostprocessing = 0;
		};
		8BFE4FDC25FB6B46009F1D26 /* Sources */ = {
			isa = PBXSourcesBuildPhase;
			buildActionMask = 2147483647;
			files = (
				8BFE4FE525FB6B46009F1D26 /* MVVMProjectTests.swift in Sources */,
			);
			runOnlyForDeploymentPostprocessing = 0;
		};
		8BFE4FE725FB6B46009F1D26 /* Sources */ = {
			isa = PBXSourcesBuildPhase;
			buildActionMask = 2147483647;
			files = (
				8BFE4FF025FB6B46009F1D26 /* MVVMProjectUITests.swift in Sources */,
			);
			runOnlyForDeploymentPostprocessing = 0;
		};
/* End PBXSourcesBuildPhase section */

/* Begin PBXTargetDependency section */
		8BFE4FE225FB6B46009F1D26 /* PBXTargetDependency */ = {
			isa = PBXTargetDependency;
			target = 8BFE4FC925FB6B45009F1D26 /* MVVMProject */;
			targetProxy = 8BFE4FE125FB6B46009F1D26 /* PBXContainerItemProxy */;
		};
		8BFE4FED25FB6B46009F1D26 /* PBXTargetDependency */ = {
			isa = PBXTargetDependency;
			target = 8BFE4FC925FB6B45009F1D26 /* MVVMProject */;
			targetProxy = 8BFE4FEC25FB6B46009F1D26 /* PBXContainerItemProxy */;
		};
/* End PBXTargetDependency section */

/* Begin PBXVariantGroup section */
		8BFE4FD325FB6B45009F1D26 /* Main.storyboard */ = {
			isa = PBXVariantGroup;
			children = (
				8BFE4FD425FB6B45009F1D26 /* Base */,
			);
			name = Main.storyboard;
			sourceTree = "<group>";
		};
		8BFE4FD825FB6B46009F1D26 /* LaunchScreen.storyboard */ = {
			isa = PBXVariantGroup;
			children = (
				8BFE4FD925FB6B46009F1D26 /* Base */,
			);
			name = LaunchScreen.storyboard;
			sourceTree = "<group>";
		};
/* End PBXVariantGroup section */

/* Begin XCBuildConfiguration section */
		8BFE4FF225FB6B46009F1D26 /* Debug */ = {
			isa = XCBuildConfiguration;
			buildSettings = {
				ALWAYS_SEARCH_USER_PATHS = NO;
				CLANG_ANALYZER_NONNULL = YES;
				CLANG_ANALYZER_NUMBER_OBJECT_CONVERSION = YES_AGGRESSIVE;
				CLANG_CXX_LANGUAGE_STANDARD = "gnu++14";
				CLANG_CXX_LIBRARY = "libc++";
				CLANG_ENABLE_MODULES = YES;
				CLANG_ENABLE_OBJC_ARC = YES;
				CLANG_ENABLE_OBJC_WEAK = YES;
				CLANG_WARN_BLOCK_CAPTURE_AUTORELEASING = YES;
				CLANG_WARN_BOOL_CONVERSION = YES;
				CLANG_WARN_COMMA = YES;
				CLANG_WARN_CONSTANT_CONVERSION = YES;
				CLANG_WARN_DEPRECATED_OBJC_IMPLEMENTATIONS = YES;
				CLANG_WARN_DIRECT_OBJC_ISA_USAGE = YES_ERROR;
				CLANG_WARN_DOCUMENTATION_COMMENTS = YES;
				CLANG_WARN_EMPTY_BODY = YES;
				CLANG_WARN_ENUM_CONVERSION = YES;
				CLANG_WARN_INFINITE_RECURSION = YES;
				CLANG_WARN_INT_CONVERSION = YES;
				CLANG_WARN_NON_LITERAL_NULL_CONVERSION = YES;
				CLANG_WARN_OBJC_IMPLICIT_RETAIN_SELF = YES;
				CLANG_WARN_OBJC_LITERAL_CONVERSION = YES;
				CLANG_WARN_OBJC_ROOT_CLASS = YES_ERROR;
				CLANG_WARN_QUOTED_INCLUDE_IN_FRAMEWORK_HEADER = YES;
				CLANG_WARN_RANGE_LOOP_ANALYSIS = YES;
				CLANG_WARN_STRICT_PROTOTYPES = YES;
				CLANG_WARN_SUSPICIOUS_MOVE = YES;
				CLANG_WARN_UNGUARDED_AVAILABILITY = YES_AGGRESSIVE;
				CLANG_WARN_UNREACHABLE_CODE = YES;
				CLANG_WARN__DUPLICATE_METHOD_MATCH = YES;
				COPY_PHASE_STRIP = NO;
				DEBUG_INFORMATION_FORMAT = dwarf;
				ENABLE_STRICT_OBJC_MSGSEND = YES;
				ENABLE_TESTABILITY = YES;
				GCC_C_LANGUAGE_STANDARD = gnu11;
				GCC_DYNAMIC_NO_PIC = NO;
				GCC_NO_COMMON_BLOCKS = YES;
				GCC_OPTIMIZATION_LEVEL = 0;
				GCC_PREPROCESSOR_DEFINITIONS = (
					"DEBUG=1",
					"$(inherited)",
				);
				GCC_WARN_64_TO_32_BIT_CONVERSION = YES;
				GCC_WARN_ABOUT_RETURN_TYPE = YES_ERROR;
				GCC_WARN_UNDECLARED_SELECTOR = YES;
				GCC_WARN_UNINITIALIZED_AUTOS = YES_AGGRESSIVE;
				GCC_WARN_UNUSED_FUNCTION = YES;
				GCC_WARN_UNUSED_VARIABLE = YES;
				IPHONEOS_DEPLOYMENT_TARGET = 14.4;
				MTL_ENABLE_DEBUG_INFO = INCLUDE_SOURCE;
				MTL_FAST_MATH = YES;
				ONLY_ACTIVE_ARCH = YES;
				SDKROOT = iphoneos;
				SWIFT_ACTIVE_COMPILATION_CONDITIONS = DEBUG;
				SWIFT_OPTIMIZATION_LEVEL = "-Onone";
			};
			name = Debug;
		};
		8BFE4FF325FB6B46009F1D26 /* Release */ = {
			isa = XCBuildConfiguration;
			buildSettings = {
				ALWAYS_SEARCH_USER_PATHS = NO;
				CLANG_ANALYZER_NONNULL = YES;
				CLANG_ANALYZER_NUMBER_OBJECT_CONVERSION = YES_AGGRESSIVE;
				CLANG_CXX_LANGUAGE_STANDARD = "gnu++14";
				CLANG_CXX_LIBRARY = "libc++";
				CLANG_ENABLE_MODULES = YES;
				CLANG_ENABLE_OBJC_ARC = YES;
				CLANG_ENABLE_OBJC_WEAK = YES;
				CLANG_WARN_BLOCK_CAPTURE_AUTORELEASING = YES;
				CLANG_WARN_BOOL_CONVERSION = YES;
				CLANG_WARN_COMMA = YES;
				CLANG_WARN_CONSTANT_CONVERSION = YES;
				CLANG_WARN_DEPRECATED_OBJC_IMPLEMENTATIONS = YES;
				CLANG_WARN_DIRECT_OBJC_ISA_USAGE = YES_ERROR;
				CLANG_WARN_DOCUMENTATION_COMMENTS = YES;
				CLANG_WARN_EMPTY_BODY = YES;
				CLANG_WARN_ENUM_CONVERSION = YES;
				CLANG_WARN_INFINITE_RECURSION = YES;
				CLANG_WARN_INT_CONVERSION = YES;
				CLANG_WARN_NON_LITERAL_NULL_CONVERSION = YES;
				CLANG_WARN_OBJC_IMPLICIT_RETAIN_SELF = YES;
				CLANG_WARN_OBJC_LITERAL_CONVERSION = YES;
				CLANG_WARN_OBJC_ROOT_CLASS = YES_ERROR;
				CLANG_WARN_QUOTED_INCLUDE_IN_FRAMEWORK_HEADER = YES;
				CLANG_WARN_RANGE_LOOP_ANALYSIS = YES;
				CLANG_WARN_STRICT_PROTOTYPES = YES;
				CLANG_WARN_SUSPICIOUS_MOVE = YES;
				CLANG_WARN_UNGUARDED_AVAILABILITY = YES_AGGRESSIVE;
				CLANG_WARN_UNREACHABLE_CODE = YES;
				CLANG_WARN__DUPLICATE_METHOD_MATCH = YES;
				COPY_PHASE_STRIP = NO;
				DEBUG_INFORMATION_FORMAT = "dwarf-with-dsym";
				ENABLE_NS_ASSERTIONS = NO;
				ENABLE_STRICT_OBJC_MSGSEND = YES;
				GCC_C_LANGUAGE_STANDARD = gnu11;
				GCC_NO_COMMON_BLOCKS = YES;
				GCC_WARN_64_TO_32_BIT_CONVERSION = YES;
				GCC_WARN_ABOUT_RETURN_TYPE = YES_ERROR;
				GCC_WARN_UNDECLARED_SELECTOR = YES;
				GCC_WARN_UNINITIALIZED_AUTOS = YES_AGGRESSIVE;
				GCC_WARN_UNUSED_FUNCTION = YES;
				GCC_WARN_UNUSED_VARIABLE = YES;
				IPHONEOS_DEPLOYMENT_TARGET = 14.4;
				MTL_ENABLE_DEBUG_INFO = NO;
				MTL_FAST_MATH = YES;
				SDKROOT = iphoneos;
				SWIFT_COMPILATION_MODE = wholemodule;
				SWIFT_OPTIMIZATION_LEVEL = "-O";
				VALIDATE_PRODUCT = YES;
			};
			name = Release;
		};
		8BFE4FF525FB6B46009F1D26 /* Debug */ = {
			isa = XCBuildConfiguration;
			buildSettings = {
				ASSETCATALOG_COMPILER_APPICON_NAME = AppIcon;
				ASSETCATALOG_COMPILER_GLOBAL_ACCENT_COLOR_NAME = AccentColor;
				CODE_SIGN_STYLE = Automatic;
				DEVELOPMENT_TEAM = H46ZLUF9FB;
				INFOPLIST_FILE = MVVMProject/Info.plist;
				LD_RUNPATH_SEARCH_PATHS = (
					"$(inherited)",
					"@executable_path/Frameworks",
				);
				PRODUCT_BUNDLE_IDENTIFIER = com.asiktech.MVVMProject;
				PRODUCT_NAME = "$(TARGET_NAME)";
				SWIFT_VERSION = 5.0;
				TARGETED_DEVICE_FAMILY = "1,2";
			};
			name = Debug;
		};
		8BFE4FF625FB6B46009F1D26 /* Release */ = {
			isa = XCBuildConfiguration;
			buildSettings = {
				ASSETCATALOG_COMPILER_APPICON_NAME = AppIcon;
				ASSETCATALOG_COMPILER_GLOBAL_ACCENT_COLOR_NAME = AccentColor;
				CODE_SIGN_STYLE = Automatic;
				DEVELOPMENT_TEAM = H46ZLUF9FB;
				INFOPLIST_FILE = MVVMProject/Info.plist;
				LD_RUNPATH_SEARCH_PATHS = (
					"$(inherited)",
					"@executable_path/Frameworks",
				);
				PRODUCT_BUNDLE_IDENTIFIER = com.asiktech.MVVMProject;
				PRODUCT_NAME = "$(TARGET_NAME)";
				SWIFT_VERSION = 5.0;
				TARGETED_DEVICE_FAMILY = "1,2";
			};
			name = Release;
		};
		8BFE4FF825FB6B46009F1D26 /* Debug */ = {
			isa = XCBuildConfiguration;
			buildSettings = {
				ALWAYS_EMBED_SWIFT_STANDARD_LIBRARIES = YES;
				BUNDLE_LOADER = "$(TEST_HOST)";
				CODE_SIGN_STYLE = Automatic;
				DEVELOPMENT_TEAM = H46ZLUF9FB;
				INFOPLIST_FILE = MVVMProjectTests/Info.plist;
				IPHONEOS_DEPLOYMENT_TARGET = 14.4;
				LD_RUNPATH_SEARCH_PATHS = (
					"$(inherited)",
					"@executable_path/Frameworks",
					"@loader_path/Frameworks",
				);
				PRODUCT_BUNDLE_IDENTIFIER = com.asiktech.MVVMProjectTests;
				PRODUCT_NAME = "$(TARGET_NAME)";
				SWIFT_VERSION = 5.0;
				TARGETED_DEVICE_FAMILY = "1,2";
				TEST_HOST = "$(BUILT_PRODUCTS_DIR)/MVVMProject.app/MVVMProject";
			};
			name = Debug;
		};
		8BFE4FF925FB6B46009F1D26 /* Release */ = {
			isa = XCBuildConfiguration;
			buildSettings = {
				ALWAYS_EMBED_SWIFT_STANDARD_LIBRARIES = YES;
				BUNDLE_LOADER = "$(TEST_HOST)";
				CODE_SIGN_STYLE = Automatic;
				DEVELOPMENT_TEAM = H46ZLUF9FB;
				INFOPLIST_FILE = MVVMProjectTests/Info.plist;
				IPHONEOS_DEPLOYMENT_TARGET = 14.4;
				LD_RUNPATH_SEARCH_PATHS = (
					"$(inherited)",
					"@executable_path/Frameworks",
					"@loader_path/Frameworks",
				);
				PRODUCT_BUNDLE_IDENTIFIER = com.asiktech.MVVMProjectTests;
				PRODUCT_NAME = "$(TARGET_NAME)";
				SWIFT_VERSION = 5.0;
				TARGETED_DEVICE_FAMILY = "1,2";
				TEST_HOST = "$(BUILT_PRODUCTS_DIR)/MVVMProject.app/MVVMProject";
			};
			name = Release;
		};
		8BFE4FFB25FB6B46009F1D26 /* Debug */ = {
			isa = XCBuildConfiguration;
			buildSettings = {
				ALWAYS_EMBED_SWIFT_STANDARD_LIBRARIES = YES;
				CODE_SIGN_STYLE = Automatic;
				DEVELOPMENT_TEAM = H46ZLUF9FB;
				INFOPLIST_FILE = MVVMProjectUITests/Info.plist;
				LD_RUNPATH_SEARCH_PATHS = (
					"$(inherited)",
					"@executable_path/Frameworks",
					"@loader_path/Frameworks",
				);
				PRODUCT_BUNDLE_IDENTIFIER = com.asiktech.MVVMProjectUITests;
				PRODUCT_NAME = "$(TARGET_NAME)";
				SWIFT_VERSION = 5.0;
				TARGETED_DEVICE_FAMILY = "1,2";
				TEST_TARGET_NAME = MVVMProject;
			};
			name = Debug;
		};
		8BFE4FFC25FB6B46009F1D26 /* Release */ = {
			isa = XCBuildConfiguration;
			buildSettings = {
				ALWAYS_EMBED_SWIFT_STANDARD_LIBRARIES = YES;
				CODE_SIGN_STYLE = Automatic;
				DEVELOPMENT_TEAM = H46ZLUF9FB;
				INFOPLIST_FILE = MVVMProjectUITests/Info.plist;
				LD_RUNPATH_SEARCH_PATHS = (
					"$(inherited)",
					"@executable_path/Frameworks",
					"@loader_path/Frameworks",
				);
				PRODUCT_BUNDLE_IDENTIFIER = com.asiktech.MVVMProjectUITests;
				PRODUCT_NAME = "$(TARGET_NAME)";
				SWIFT_VERSION = 5.0;
				TARGETED_DEVICE_FAMILY = "1,2";
				TEST_TARGET_NAME = MVVMProject;
			};
			name = Release;
		};
/* End XCBuildConfiguration section */

/* Begin XCConfigurationList section */
		8BFE4FC525FB6B45009F1D26 /* Build configuration list for PBXProject "MVVMProject" */ = {
			isa = XCConfigurationList;
			buildConfigurations = (
				8BFE4FF225FB6B46009F1D26 /* Debug */,
				8BFE4FF325FB6B46009F1D26 /* Release */,
			);
			defaultConfigurationIsVisible = 0;
			defaultConfigurationName = Release;
		};
		8BFE4FF425FB6B46009F1D26 /* Build configuration list for PBXNativeTarget "MVVMProject" */ = {
			isa = XCConfigurationList;
			buildConfigurations = (
				8BFE4FF525FB6B46009F1D26 /* Debug */,
				8BFE4FF625FB6B46009F1D26 /* Release */,
			);
			defaultConfigurationIsVisible = 0;
			defaultConfigurationName = Release;
		};
		8BFE4FF725FB6B46009F1D26 /* Build configuration list for PBXNativeTarget "MVVMProjectTests" */ = {
			isa = XCConfigurationList;
			buildConfigurations = (
				8BFE4FF825FB6B46009F1D26 /* Debug */,
				8BFE4FF925FB6B46009F1D26 /* Release */,
			);
			defaultConfigurationIsVisible = 0;
			defaultConfigurationName = Release;
		};
		8BFE4FFA25FB6B46009F1D26 /* Build configuration list for PBXNativeTarget "MVVMProjectUITests" */ = {
			isa = XCConfigurationList;
			buildConfigurations = (
				8BFE4FFB25FB6B46009F1D26 /* Debug */,
				8BFE4FFC25FB6B46009F1D26 /* Release */,
			);
			defaultConfigurationIsVisible = 0;
			defaultConfigurationName = Release;
		};
/* End XCConfigurationList section */
	};
	rootObject = 8BFE4FC225FB6B45009F1D26 /* Project object */;
}
